{
  "name": "flipss-portals",
  "version": "0.0.16",
  "lockfileVersion": 1,
  "requires": true,
  "dependencies": {
    "@angular/cdk": {
      "version": "9.2.2",
      "resolved": "https://registry.npmjs.org/@angular/cdk/-/cdk-9.2.2.tgz",
      "integrity": "sha512-VNd+KuMN6cBcy4/8OyMxqYaxdjPP6IyCqIVijB2JREkc5Sg4VWmPgx2L3rHt/DzjsVBVRgx35uqOMymDezG3jQ==",
      "dev": true,
      "requires": {
        "parse5": "^5.0.0"
      }
    },
    "@angular/common": {
      "version": "9.1.4",
      "resolved": "https://registry.npmjs.org/@angular/common/-/common-9.1.4.tgz",
      "integrity": "sha512-JvCoCWVbx0tF7l/0WTi24ui/mc2SElyVSNchR4VK/FViARnkvnSBdI/Ef5QWXrsPyKU4PYBtnWWgyxRspH+FBA==",
      "dev": true
    },
    "@angular/core": {
      "version": "11.0.5",
      "resolved": "https://registry.npmjs.org/@angular/core/-/core-11.0.5.tgz",
      "integrity": "sha512-XAXWQi7R3ucZXQwx9QK5jSKJeQyRJ53u2dQDpr7R5stzeCy1a5hrNOkZLg9zOTTPcth/6+FrOrRZP9SMdxtw3w==",
      "dev": true,
      "requires": {
        "tslib": "^2.0.0"
      }
    },
    "flipss-common-types": {
      "version": "1.0.48",
      "resolved": "https://registry.npmjs.org/flipss-common-types/-/flipss-common-types-1.0.48.tgz",
      "integrity": "sha512-pEyNljMbRre+59V9zWhZxYmbnlH4vTswI3OVyqBOB8/KdqLYl9KFAWtmcBZAfkXQwMoft6UxgmjXxA1wKXnPPg==",
      "dev": true
    },
    "parse5": {
      "version": "5.1.1",
      "resolved": "https://registry.npmjs.org/parse5/-/parse5-5.1.1.tgz",
      "integrity": "sha512-ugq4DFI0Ptb+WWjAdOK16+u/nHfiIrcE+sh8kZMaM0WllQKLI9rOUq6c2b7cwPkXdzfQESqvoqK6ug7U/Yyzug==",
      "dev": true,
      "optional": true
    },
    "tslib": {
      "version": "2.4.0",
      "resolved": "https://registry.npmjs.org/tslib/-/tslib-2.4.0.tgz",
      "integrity": "sha512-d6xOpEDfsi2CZVlPQzGeux8XMwLT9hssAsaPYExaQMuYskwb+x1x7J371tWlbBdWHroy99KnVB6qIkUbs5X3UQ==",
      "dev": true
    }
  }
}
