{
  "name": "flipss-app-initializer",
  "version": "0.0.6",
  "lockfileVersion": 1,
  "requires": true,
  "dependencies": {
    "flipss-common-types": {
      "version": "1.0.23",
      "resolved": "https://registry.npmjs.org/flipss-common-types/-/flipss-common-types-1.0.23.tgz",
      "integrity": "sha512-W89tmhZx5zD6bS845TBLMiB4Om/o50Do12DbSuTcsvwzecteTYGrwViV38INSPNXBZiGv6GNjlZALBosxkFW+g==",
      "dev": true,
      "requires": {
        "rxjs": "^6.5.2",
        "tslib": "^1.10.0"
      }
    },
    "rxjs": {
      "version": "6.5.2",
      "resolved": "https://registry.npmjs.org/rxjs/-/rxjs-6.5.2.tgz",
      "integrity": "sha512-HUb7j3kvb7p7eCUHE3FqjoDsC1xfZQ4AHFWfTKSpZ+sAhhz5X1WX0ZuUqWbzB2QhSLp3DoLUG+hMdEDKqWo2Zg==",
      "dev": true,
      "requires": {
        "tslib": "^1.9.0"
      }
    },
    "tslib": {
      "version": "1.10.0",
      "resolved": "https://registry.npmjs.org/tslib/-/tslib-1.10.0.tgz",
      "integrity": "sha512-qOebF53frne81cf0S9B41ByenJ3/IuH8yJKngAX35CmiZySA0khhkovshKK+jGCaMnVomla7gVlIcc3EvKPbTQ=="
    }
  }
}
