{
  "name": "flipss-app-initializer",
  "version": "0.0.7",
  "lockfileVersion": 1,
  "requires": true,
  "dependencies": {
    "@angular/common": {
      "version": "8.2.4",
      "resolved": "https://registry.npmjs.org/@angular/common/-/common-8.2.4.tgz",
      "integrity": "sha512-sPeTkor3uf8T3MvpekS0ZQe9K/yzlHBSoMyT0bIPOYeDTHUph3f/0XyYhH7KSGXLo7tSw1Mx9Ua05nQ+VHtLGQ==",
      "dev": true,
      "requires": {
        "tslib": "^1.9.0"
      }
    },
    "@angular/core": {
      "version": "8.2.4",
      "resolved": "https://registry.npmjs.org/@angular/core/-/core-8.2.4.tgz",
      "integrity": "sha512-8FSdkUSb5S4+K2w49iLzrQF/jzcmoRnOogFZQ8CctiXQHSVHHF8AjpoFpFVUAI6/77UVL8CehlyBSKF5EE1Z8A==",
      "dev": true,
      "requires": {
        "tslib": "^1.9.0"
      }
    },
    "flipss-common-types": {
      "version": "1.0.27",
      "resolved": "https://registry.npmjs.org/flipss-common-types/-/flipss-common-types-1.0.27.tgz",
      "integrity": "sha512-5Is2kymHeTsmXggRAaTBDwENfHB9fE/X8Q4Nd1YzmDGUJyU/+vSBcpZfCVnTExAu+8NkjamP4oGzI3pcWVAKzQ==",
      "dev": true,
      "requires": {
        "tslib": "^1.10.0"
      }
    },
    "tslib": {
      "version": "1.10.0",
      "resolved": "https://registry.npmjs.org/tslib/-/tslib-1.10.0.tgz",
      "integrity": "sha512-qOebF53frne81cf0S9B41ByenJ3/IuH8yJKngAX35CmiZySA0khhkovshKK+jGCaMnVomla7gVlIcc3EvKPbTQ=="
    }
  }
}
