{
  "name": "flipss-api-service",
  "version": "0.0.11",
  "lockfileVersion": 1,
  "requires": true,
  "dependencies": {
    "@angular/common": {
      "version": "9.0.0",
      "resolved": "https://registry.npmjs.org/@angular/common/-/common-9.0.0.tgz",
      "integrity": "sha512-ZMmEClGtUNJwV5CBlqcSHPIsNyz6WU/GvKWFzJ5VZc68oeg1e7lqfNMNIC47TjyolNJ7VSpNlyrKjzfdBlmqVw==",
      "dev": true
    },
    "@angular/core": {
      "version": "9.0.0",
      "resolved": "https://registry.npmjs.org/@angular/core/-/core-9.0.0.tgz",
      "integrity": "sha512-6Pxgsrf0qF9iFFqmIcWmjJGkkCaCm6V5QNnxMy2KloO3SDq6QuMVRbN9RtC8Urmo25LP+eZ6ZgYqFYpdD8Hd9w==",
      "dev": true
    },
    "@angular/http": {
      "version": "7.2.16",
      "resolved": "https://registry.npmjs.org/@angular/http/-/http-7.2.16.tgz",
      "integrity": "sha512-yvjbNyzFSmmz4UTjCdy5M8mk0cZqf9TvSf8yN5UVIwtw4joyuUdlgJCuin0qSbQOKIf/JjHoofpO2JkPCGSNww==",
      "dev": true,
      "requires": {
        "tslib": "^1.9.0"
      }
    },
    "flipss-common-types": {
      "version": "1.0.42",
      "resolved": "https://registry.npmjs.org/flipss-common-types/-/flipss-common-types-1.0.42.tgz",
      "integrity": "sha512-kqSonMXZgWaQqHeRE7VNrde5wCfbyiya5wOKqaM6X8dbSFXKF5Dwd/hZbw6wwToT7NZZWT9Hhb96Qbk3+WiJcw==",
      "dev": true
    },
    "tslib": {
      "version": "1.10.0",
      "resolved": "https://registry.npmjs.org/tslib/-/tslib-1.10.0.tgz",
      "integrity": "sha512-qOebF53frne81cf0S9B41ByenJ3/IuH8yJKngAX35CmiZySA0khhkovshKK+jGCaMnVomla7gVlIcc3EvKPbTQ==",
      "dev": true
    }
  }
}
