{
  "name": "flipss-component-router",
  "version": "0.0.2",
  "lockfileVersion": 1,
  "requires": true,
  "dependencies": {
    "flipss-common-types": {
      "version": "1.0.19",
      "resolved": "https://registry.npmjs.org/flipss-common-types/-/flipss-common-types-1.0.19.tgz",
      "integrity": "sha512-x5KMfReXgBEvdl9V9dYsm750aoxWGI8256XYJ/XvkHqeSrTxW1iYbL9rw4NZIQuUDE9L2XxGgML9fhMSSiiFeA==",
      "requires": {
        "rxjs": "^6.5.1",
        "tslib": "^1.9.3"
      }
    },
    "rxjs": {
      "version": "6.5.1",
      "resolved": "https://registry.npmjs.org/rxjs/-/rxjs-6.5.1.tgz",
      "integrity": "sha512-y0j31WJc83wPu31vS1VlAFW5JGrnGC+j+TtGAa1fRQphy48+fDYiDmX8tjGloToEsMkxnouOg/1IzXGKkJnZMg==",
      "requires": {
        "tslib": "^1.9.0"
      }
    },
    "tslib": {
      "version": "1.9.3",
      "resolved": "https://registry.npmjs.org/tslib/-/tslib-1.9.3.tgz",
      "integrity": "sha512-4krF8scpejhaOgqzBEcGM7yDIEfi0/8+8zDRZhNZZ2kjmHJ4hv3zCbQWxoJGz1iw5U0Jl0nma13xzHXcncMavQ=="
    }
  }
}
