{
  "name": "flipss-component-router",
  "version": "0.0.2",
  "lockfileVersion": 1,
  "requires": true,
  "dependencies": {
    "@angular/common": {
      "version": "7.2.15",
      "resolved": "https://registry.npmjs.org/@angular/common/-/common-7.2.15.tgz",
      "integrity": "sha512-2b5JY2HWVHCf3D1GZjmde7jdAXSTXkYtmjLtA9tQkjOOTr80eHpNSujQqnzb97dk9VT9OjfjqTQd7K3pxZz8jw==",
      "dev": true,
      "requires": {
        "tslib": "1.9.3"
      }
    },
    "@angular/core": {
      "version": "7.2.15",
      "resolved": "https://registry.npmjs.org/@angular/core/-/core-7.2.15.tgz",
      "integrity": "sha512-XsuYm0jEU/mOqwDOk2utThv8J9kESkAerfuCHClE9rB2TtHUOGCfekF7lJWqjjypu6/J9ygoPFo7hdAE058ZGg==",
      "dev": true,
      "requires": {
        "tslib": "1.9.3"
      }
    },
    "@angular/router": {
      "version": "7.2.15",
      "resolved": "https://registry.npmjs.org/@angular/router/-/router-7.2.15.tgz",
      "integrity": "sha512-qAubRJRQanguUqJQ76J9GSZ4JFtoyhJKRmX5P23ANZJXpB6YLzF2fJmOGi+E6cV8F0tKBMEq1pjxFTisx0MXwQ==",
      "dev": true,
      "requires": {
        "tslib": "1.9.3"
      }
    },
    "flipss-common-types": {
      "version": "1.0.19",
      "resolved": "https://registry.npmjs.org/flipss-common-types/-/flipss-common-types-1.0.19.tgz",
      "integrity": "sha512-x5KMfReXgBEvdl9V9dYsm750aoxWGI8256XYJ/XvkHqeSrTxW1iYbL9rw4NZIQuUDE9L2XxGgML9fhMSSiiFeA==",
      "dev": true,
      "requires": {
        "rxjs": "6.5.1",
        "tslib": "1.9.3"
      }
    },
    "rxjs": {
      "version": "6.5.1",
      "resolved": "https://registry.npmjs.org/rxjs/-/rxjs-6.5.1.tgz",
      "integrity": "sha512-y0j31WJc83wPu31vS1VlAFW5JGrnGC+j+TtGAa1fRQphy48+fDYiDmX8tjGloToEsMkxnouOg/1IzXGKkJnZMg==",
      "dev": true,
      "requires": {
        "tslib": "1.9.3"
      }
    },
    "tslib": {
      "version": "1.9.3",
      "resolved": "https://registry.npmjs.org/tslib/-/tslib-1.9.3.tgz",
      "integrity": "sha512-4krF8scpejhaOgqzBEcGM7yDIEfi0/8+8zDRZhNZZ2kjmHJ4hv3zCbQWxoJGz1iw5U0Jl0nma13xzHXcncMavQ=="
    }
  }
}
